// !$*UTF8*$!
{
	archiveVersion = 1;
	classes = {
	};
	objectVersion = 55;
	objects = {

/* Begin PBXBuildFile section */
		8E6A3A6145E719819B22AEDD /* Pods_HW2_9.framework in Frameworks */ = {isa = PBXBuildFile; fileRef = FB28B55616BDAD0EB850D4B5 /* Pods_HW2_9.framework */; };
		F7C76FFB274E1CD5006E5BC4 /* AppDelegate.swift in Sources */ = {isa = PBXBuildFile; fileRef = F7C76FFA274E1CD5006E5BC4 /* AppDelegate.swift */; };
		F7C76FFD274E1CD5006E5BC4 /* SceneDelegate.swift in Sources */ = {isa = PBXBuildFile; fileRef = F7C76FFC274E1CD5006E5BC4 /* SceneDelegate.swift */; };
		F7C76FFF274E1CD5006E5BC4 /* ViewController.swift in Sources */ = {isa = PBXBuildFile; fileRef = F7C76FFE274E1CD5006E5BC4 /* ViewController.swift */; };
		F7C77002274E1CD5006E5BC4 /* Main.storyboard in Resources */ = {isa = PBXBuildFile; fileRef = F7C77000274E1CD5006E5BC4 /* Main.storyboard */; };
		F7C77004274E1CD8006E5BC4 /* Assets.xcassets in Resources */ = {isa = PBXBuildFile; fileRef = F7C77003274E1CD8006E5BC4 /* Assets.xcassets */; };
		F7C77007274E1CD8006E5BC4 /* LaunchScreen.storyboard in Resources */ = {isa = PBXBuildFile; fileRef = F7C77005274E1CD8006E5BC4 /* LaunchScreen.storyboard */; };
		F7C7701D274E2681006E5BC4 /* DataManager.swift in Sources */ = {isa = PBXBuildFile; fileRef = F7C7701C274E2681006E5BC4 /* DataManager.swift */; };
		F7F05BE3274E353400FBA4CA /* Animation.swift in Sources */ = {isa = PBXBuildFile; fileRef = F7F05BE2274E353400FBA4CA /* Animation.swift */; };
/* End PBXBuildFile section */

/* Begin PBXFileReference section */
		471D9D075BF77A977AEDD655 /* Pods-HW2.9.release.xcconfig */ = {isa = PBXFileReference; includeInIndex = 1; lastKnownFileType = text.xcconfig; name = "Pods-HW2.9.release.xcconfig"; path = "Target Support Files/Pods-HW2.9/Pods-HW2.9.release.xcconfig"; sourceTree = "<group>"; };
		B71E0D0539C7B9936591B8FC /* Pods-HW2.9.debug.xcconfig */ = {isa = PBXFileReference; includeInIndex = 1; lastKnownFileType = text.xcconfig; name = "Pods-HW2.9.debug.xcconfig"; path = "Target Support Files/Pods-HW2.9/Pods-HW2.9.debug.xcconfig"; sourceTree = "<group>"; };
		F7C76FF7274E1CD5006E5BC4 /* HW2.9.app */ = {isa = PBXFileReference; explicitFileType = wrapper.application; includeInIndex = 0; path = HW2.9.app; sourceTree = BUILT_PRODUCTS_DIR; };
		F7C76FFA274E1CD5006E5BC4 /* AppDelegate.swift */ = {isa = PBXFileReference; lastKnownFileType = sourcecode.swift; path = AppDelegate.swift; sourceTree = "<group>"; };
		F7C76FFC274E1CD5006E5BC4 /* SceneDelegate.swift */ = {isa = PBXFileReference; lastKnownFileType = sourcecode.swift; path = SceneDelegate.swift; sourceTree = "<group>"; };
		F7C76FFE274E1CD5006E5BC4 /* ViewController.swift */ = {isa = PBXFileReference; lastKnownFileType = sourcecode.swift; path = ViewController.swift; sourceTree = "<group>"; };
		F7C77001274E1CD5006E5BC4 /* Base */ = {isa = PBXFileReference; lastKnownFileType = file.storyboard; name = Base; path = Base.lproj/Main.storyboard; sourceTree = "<group>"; };
		F7C77003274E1CD8006E5BC4 /* Assets.xcassets */ = {isa = PBXFileReference; lastKnownFileType = folder.assetcatalog; path = Assets.xcassets; sourceTree = "<group>"; };
		F7C77006274E1CD8006E5BC4 /* Base */ = {isa = PBXFileReference; lastKnownFileType = file.storyboard; name = Base; path = Base.lproj/LaunchScreen.storyboard; sourceTree = "<group>"; };
		F7C77008274E1CD8006E5BC4 /* Info.plist */ = {isa = PBXFileReference; lastKnownFileType = text.plist.xml; path = Info.plist; sourceTree = "<group>"; };
		F7C7701C274E2681006E5BC4 /* DataManager.swift */ = {isa = PBXFileReference; lastKnownFileType = sourcecode.swift; path = DataManager.swift; sourceTree = "<group>"; };
		F7F05BE2274E353400FBA4CA /* Animation.swift */ = {isa = PBXFileReference; lastKnownFileType = sourcecode.swift; path = Animation.swift; sourceTree = "<group>"; };
		FB28B55616BDAD0EB850D4B5 /* Pods_HW2_9.framework */ = {isa = PBXFileReference; explicitFileType = wrapper.framework; includeInIndex = 0; path = Pods_HW2_9.framework; sourceTree = BUILT_PRODUCTS_DIR; };
/* End PBXFileReference section */

/* Begin PBXFrameworksBuildPhase section */
		F7C76FF4274E1CD5006E5BC4 /* Frameworks */ = {
			isa = PBXFrameworksBuildPhase;
			buildActionMask = 2147483647;
			files = (
				8E6A3A6145E719819B22AEDD /* Pods_HW2_9.framework in Frameworks */,
			);
			runOnlyForDeploymentPostprocessing = 0;
		};
/* End PBXFrameworksBuildPhase section */

/* Begin PBXGroup section */
		2F840BEA1FA2F1EA52F8B7DC /* Frameworks */ = {
			isa = PBXGroup;
			children = (
				FB28B55616BDAD0EB850D4B5 /* Pods_HW2_9.framework */,
			);
			name = Frameworks;
			sourceTree = "<group>";
		};
		466EDA66055FF25A79A069EF /* Pods */ = {
			isa = PBXGroup;
			children = (
				B71E0D0539C7B9936591B8FC /* Pods-HW2.9.debug.xcconfig */,
				471D9D075BF77A977AEDD655 /* Pods-HW2.9.release.xcconfig */,
			);
			path = Pods;
			sourceTree = "<group>";
		};
		F7C76FEE274E1CD5006E5BC4 = {
			isa = PBXGroup;
			children = (
				F7C76FF9274E1CD5006E5BC4 /* HW2.9 */,
				F7C76FF8274E1CD5006E5BC4 /* Products */,
				466EDA66055FF25A79A069EF /* Pods */,
				2F840BEA1FA2F1EA52F8B7DC /* Frameworks */,
			);
			sourceTree = "<group>";
		};
		F7C76FF8274E1CD5006E5BC4 /* Products */ = {
			isa = PBXGroup;
			children = (
				F7C76FF7274E1CD5006E5BC4 /* HW2.9.app */,
			);
			name = Products;
			sourceTree = "<group>";
		};
		F7C76FF9274E1CD5006E5BC4 /* HW2.9 */ = {
			isa = PBXGroup;
			children = (
				F7C77019274E2514006E5BC4 /* Services */,
				F7C77014274E2436006E5BC4 /* Models */,
				F7C77011274E23B0006E5BC4 /* App */,
				F7C7700E274E2365006E5BC4 /* ViewControllers */,
				F7C7700F274E2380006E5BC4 /* Storybords */,
				F7C77010274E238F006E5BC4 /* Resourses */,
			);
			path = HW2.9;
			sourceTree = "<group>";
		};
		F7C7700E274E2365006E5BC4 /* ViewControllers */ = {
			isa = PBXGroup;
			children = (
				F7C76FFE274E1CD5006E5BC4 /* ViewController.swift */,
			);
			path = ViewControllers;
			sourceTree = "<group>";
		};
		F7C7700F274E2380006E5BC4 /* Storybords */ = {
			isa = PBXGroup;
			children = (
				F7C77000274E1CD5006E5BC4 /* Main.storyboard */,
				F7C77005274E1CD8006E5BC4 /* LaunchScreen.storyboard */,
			);
			path = Storybords;
			sourceTree = "<group>";
		};
		F7C77010274E238F006E5BC4 /* Resourses */ = {
			isa = PBXGroup;
			children = (
				F7C77003274E1CD8006E5BC4 /* Assets.xcassets */,
			);
			path = Resourses;
			sourceTree = "<group>";
		};
		F7C77011274E23B0006E5BC4 /* App */ = {
			isa = PBXGroup;
			children = (
				F7C77008274E1CD8006E5BC4 /* Info.plist */,
				F7C76FFA274E1CD5006E5BC4 /* AppDelegate.swift */,
				F7C76FFC274E1CD5006E5BC4 /* SceneDelegate.swift */,
			);
			path = App;
			sourceTree = "<group>";
		};
		F7C77014274E2436006E5BC4 /* Models */ = {
			isa = PBXGroup;
			children = (
				F7F05BE2274E353400FBA4CA /* Animation.swift */,
			);
			path = Models;
			sourceTree = "<group>";
		};
		F7C77019274E2514006E5BC4 /* Services */ = {
			isa = PBXGroup;
			children = (
				F7C7701C274E2681006E5BC4 /* DataManager.swift */,
			);
			path = Services;
			sourceTree = "<group>";
		};
/* End PBXGroup section */

/* Begin PBXNativeTarget section */
		F7C76FF6274E1CD5006E5BC4 /* HW2.9 */ = {
			isa = PBXNativeTarget;
			buildConfigurationList = F7C7700B274E1CD8006E5BC4 /* Build configuration list for PBXNativeTarget "HW2.9" */;
			buildPhases = (
				62478335C49BA255672CA9A3 /* [CP] Check Pods Manifest.lock */,
				F7C76FF3274E1CD5006E5BC4 /* Sources */,
				F7C76FF4274E1CD5006E5BC4 /* Frameworks */,
				F7C76FF5274E1CD5006E5BC4 /* Resources */,
				200F50DA8E7BD834331A15CB /* [CP] Embed Pods Frameworks */,
			);
			buildRules = (
			);
			dependencies = (
			);
			name = HW2.9;
			productName = HW2.9;
			productReference = F7C76FF7274E1CD5006E5BC4 /* HW2.9.app */;
			productType = "com.apple.product-type.application";
		};
/* End PBXNativeTarget section */

/* Begin PBXProject section */
		F7C76FEF274E1CD5006E5BC4 /* Project object */ = {
			isa = PBXProject;
			attributes = {
				BuildIndependentTargetsInParallel = 1;
				LastSwiftUpdateCheck = 1310;
				LastUpgradeCheck = 1310;
				TargetAttributes = {
					F7C76FF6274E1CD5006E5BC4 = {
						CreatedOnToolsVersion = 13.1;
					};
				};
			};
			buildConfigurationList = F7C76FF2274E1CD5006E5BC4 /* Build configuration list for PBXProject "HW2.9" */;
			compatibilityVersion = "Xcode 13.0";
			developmentRegion = en;
			hasScannedForEncodings = 0;
			knownRegions = (
				en,
				Base,
			);
			mainGroup = F7C76FEE274E1CD5006E5BC4;
			productRefGroup = F7C76FF8274E1CD5006E5BC4 /* Products */;
			projectDirPath = "";
			projectRoot = "";
			targets = (
				F7C76FF6274E1CD5006E5BC4 /* HW2.9 */,
			);
		};
/* End PBXProject section */

/* Begin PBXResourcesBuildPhase section */
		F7C76FF5274E1CD5006E5BC4 /* Resources */ = {
			isa = PBXResourcesBuildPhase;
			buildActionMask = 2147483647;
			files = (
				F7C77007274E1CD8006E5BC4 /* LaunchScreen.storyboard in Resources */,
				F7C77004274E1CD8006E5BC4 /* Assets.xcassets in Resources */,
				F7C77002274E1CD5006E5BC4 /* Main.storyboard in Resources */,
			);
			runOnlyForDeploymentPostprocessing = 0;
		};
/* End PBXResourcesBuildPhase section */

/* Begin PBXShellScriptBuildPhase section */
		200F50DA8E7BD834331A15CB /* [CP] Embed Pods Frameworks */ = {
			isa = PBXShellScriptBuildPhase;
			buildActionMask = 2147483647;
			files = (
			);
			inputFileListPaths = (
				"${PODS_ROOT}/Target Support Files/Pods-HW2.9/Pods-HW2.9-frameworks-${CONFIGURATION}-input-files.xcfilelist",
			);
			name = "[CP] Embed Pods Frameworks";
			outputFileListPaths = (
				"${PODS_ROOT}/Target Support Files/Pods-HW2.9/Pods-HW2.9-frameworks-${CONFIGURATION}-output-files.xcfilelist",
			);
			runOnlyForDeploymentPostprocessing = 0;
			shellPath = /bin/sh;
			shellScript = "\"${PODS_ROOT}/Target Support Files/Pods-HW2.9/Pods-HW2.9-frameworks.sh\"\n";
			showEnvVarsInLog = 0;
		};
		62478335C49BA255672CA9A3 /* [CP] Check Pods Manifest.lock */ = {
			isa = PBXShellScriptBuildPhase;
			buildActionMask = 2147483647;
			files = (
			);
			inputFileListPaths = (
			);
			inputPaths = (
				"${PODS_PODFILE_DIR_PATH}/Podfile.lock",
				"${PODS_ROOT}/Manifest.lock",
			);
			name = "[CP] Check Pods Manifest.lock";
			outputFileListPaths = (
			);
			outputPaths = (
				"$(DERIVED_FILE_DIR)/Pods-HW2.9-checkManifestLockResult.txt",
			);
			runOnlyForDeploymentPostprocessing = 0;
			shellPath = /bin/sh;
			shellScript = "diff \"${PODS_PODFILE_DIR_PATH}/Podfile.lock\" \"${PODS_ROOT}/Manifest.lock\" > /dev/null\nif [ $? != 0 ] ; then\n    # print error to STDERR\n    echo \"error: The sandbox is not in sync with the Podfile.lock. Run 'pod install' or update your CocoaPods installation.\" >&2\n    exit 1\nfi\n# This output is used by Xcode 'outputs' to avoid re-running this script phase.\necho \"SUCCESS\" > \"${SCRIPT_OUTPUT_FILE_0}\"\n";
			showEnvVarsInLog = 0;
		};
/* End PBXShellScriptBuildPhase section */

/* Begin PBXSourcesBuildPhase section */
		F7C76FF3274E1CD5006E5BC4 /* Sources */ = {
			isa = PBXSourcesBuildPhase;
			buildActionMask = 2147483647;
			files = (
				F7F05BE3274E353400FBA4CA /* Animation.swift in Sources */,
				F7C76FFF274E1CD5006E5BC4 /* ViewController.swift in Sources */,
				F7C7701D274E2681006E5BC4 /* DataManager.swift in Sources */,
				F7C76FFB274E1CD5006E5BC4 /* AppDelegate.swift in Sources */,
				F7C76FFD274E1CD5006E5BC4 /* SceneDelegate.swift in Sources */,
			);
			runOnlyForDeploymentPostprocessing = 0;
		};
/* End PBXSourcesBuildPhase section */

/* Begin PBXVariantGroup section */
		F7C77000274E1CD5006E5BC4 /* Main.storyboard */ = {
			isa = PBXVariantGroup;
			children = (
				F7C77001274E1CD5006E5BC4 /* Base */,
			);
			name = Main.storyboard;
			sourceTree = "<group>";
		};
		F7C77005274E1CD8006E5BC4 /* LaunchScreen.storyboard */ = {
			isa = PBXVariantGroup;
			children = (
				F7C77006274E1CD8006E5BC4 /* Base */,
			);
			name = LaunchScreen.storyboard;
			sourceTree = "<group>";
		};
/* End PBXVariantGroup section */

/* Begin XCBuildConfiguration section */
		F7C77009274E1CD8006E5BC4 /* Debug */ = {
			isa = XCBuildConfiguration;
			buildSettings = {
				ALWAYS_SEARCH_USER_PATHS = NO;
				CLANG_ANALYZER_NONNULL = YES;
				CLANG_ANALYZER_NUMBER_OBJECT_CONVERSION = YES_AGGRESSIVE;
				CLANG_CXX_LANGUAGE_STANDARD = "gnu++17";
				CLANG_CXX_LIBRARY = "libc++";
				CLANG_ENABLE_MODULES = YES;
				CLANG_ENABLE_OBJC_ARC = YES;
				CLANG_ENABLE_OBJC_WEAK = YES;
				CLANG_WARN_BLOCK_CAPTURE_AUTORELEASING = YES;
				CLANG_WARN_BOOL_CONVERSION = YES;
				CLANG_WARN_COMMA = YES;
				CLANG_WARN_CONSTANT_CONVERSION = YES;
				CLANG_WARN_DEPRECATED_OBJC_IMPLEMENTATIONS = YES;
				CLANG_WARN_DIRECT_OBJC_ISA_USAGE = YES_ERROR;
				CLANG_WARN_DOCUMENTATION_COMMENTS = YES;
				CLANG_WARN_EMPTY_BODY = YES;
				CLANG_WARN_ENUM_CONVERSION = YES;
				CLANG_WARN_INFINITE_RECURSION = YES;
				CLANG_WARN_INT_CONVERSION = YES;
				CLANG_WARN_NON_LITERAL_NULL_CONVERSION = YES;
				CLANG_WARN_OBJC_IMPLICIT_RETAIN_SELF = YES;
				CLANG_WARN_OBJC_LITERAL_CONVERSION = YES;
				CLANG_WARN_OBJC_ROOT_CLASS = YES_ERROR;
				CLANG_WARN_QUOTED_INCLUDE_IN_FRAMEWORK_HEADER = YES;
				CLANG_WARN_RANGE_LOOP_ANALYSIS = YES;
				CLANG_WARN_STRICT_PROTOTYPES = YES;
				CLANG_WARN_SUSPICIOUS_MOVE = YES;
				CLANG_WARN_UNGUARDED_AVAILABILITY = YES_AGGRESSIVE;
				CLANG_WARN_UNREACHABLE_CODE = YES;
				CLANG_WARN__DUPLICATE_METHOD_MATCH = YES;
				COPY_PHASE_STRIP = NO;
				DEBUG_INFORMATION_FORMAT = dwarf;
				ENABLE_STRICT_OBJC_MSGSEND = YES;
				ENABLE_TESTABILITY = YES;
				GCC_C_LANGUAGE_STANDARD = gnu11;
				GCC_DYNAMIC_NO_PIC = NO;
				GCC_NO_COMMON_BLOCKS = YES;
				GCC_OPTIMIZATION_LEVEL = 0;
				GCC_PREPROCESSOR_DEFINITIONS = (
					"DEBUG=1",
					"$(inherited)",
				);
				GCC_WARN_64_TO_32_BIT_CONVERSION = YES;
				GCC_WARN_ABOUT_RETURN_TYPE = YES_ERROR;
				GCC_WARN_UNDECLARED_SELECTOR = YES;
				GCC_WARN_UNINITIALIZED_AUTOS = YES_AGGRESSIVE;
				GCC_WARN_UNUSED_FUNCTION = YES;
				GCC_WARN_UNUSED_VARIABLE = YES;
				IPHONEOS_DEPLOYMENT_TARGET = 15.0;
				MTL_ENABLE_DEBUG_INFO = INCLUDE_SOURCE;
				MTL_FAST_MATH = YES;
				ONLY_ACTIVE_ARCH = YES;
				SDKROOT = iphoneos;
				SWIFT_ACTIVE_COMPILATION_CONDITIONS = DEBUG;
				SWIFT_OPTIMIZATION_LEVEL = "-Onone";
			};
			name = Debug;
		};
		F7C7700A274E1CD8006E5BC4 /* Release */ = {
			isa = XCBuildConfiguration;
			buildSettings = {
				ALWAYS_SEARCH_USER_PATHS = NO;
				CLANG_ANALYZER_NONNULL = YES;
				CLANG_ANALYZER_NUMBER_OBJECT_CONVERSION = YES_AGGRESSIVE;
				CLANG_CXX_LANGUAGE_STANDARD = "gnu++17";
				CLANG_CXX_LIBRARY = "libc++";
				CLANG_ENABLE_MODULES = YES;
				CLANG_ENABLE_OBJC_ARC = YES;
				CLANG_ENABLE_OBJC_WEAK = YES;
				CLANG_WARN_BLOCK_CAPTURE_AUTORELEASING = YES;
				CLANG_WARN_BOOL_CONVERSION = YES;
				CLANG_WARN_COMMA = YES;
				CLANG_WARN_CONSTANT_CONVERSION = YES;
				CLANG_WARN_DEPRECATED_OBJC_IMPLEMENTATIONS = YES;
				CLANG_WARN_DIRECT_OBJC_ISA_USAGE = YES_ERROR;
				CLANG_WARN_DOCUMENTATION_COMMENTS = YES;
				CLANG_WARN_EMPTY_BODY = YES;
				CLANG_WARN_ENUM_CONVERSION = YES;
				CLANG_WARN_INFINITE_RECURSION = YES;
				CLANG_WARN_INT_CONVERSION = YES;
				CLANG_WARN_NON_LITERAL_NULL_CONVERSION = YES;
				CLANG_WARN_OBJC_IMPLICIT_RETAIN_SELF = YES;
				CLANG_WARN_OBJC_LITERAL_CONVERSION = YES;
				CLANG_WARN_OBJC_ROOT_CLASS = YES_ERROR;
				CLANG_WARN_QUOTED_INCLUDE_IN_FRAMEWORK_HEADER = YES;
				CLANG_WARN_RANGE_LOOP_ANALYSIS = YES;
				CLANG_WARN_STRICT_PROTOTYPES = YES;
				CLANG_WARN_SUSPICIOUS_MOVE = YES;
				CLANG_WARN_UNGUARDED_AVAILABILITY = YES_AGGRESSIVE;
				CLANG_WARN_UNREACHABLE_CODE = YES;
				CLANG_WARN__DUPLICATE_METHOD_MATCH = YES;
				COPY_PHASE_STRIP = NO;
				DEBUG_INFORMATION_FORMAT = "dwarf-with-dsym";
				ENABLE_NS_ASSERTIONS = NO;
				ENABLE_STRICT_OBJC_MSGSEND = YES;
				GCC_C_LANGUAGE_STANDARD = gnu11;
				GCC_NO_COMMON_BLOCKS = YES;
				GCC_WARN_64_TO_32_BIT_CONVERSION = YES;
				GCC_WARN_ABOUT_RETURN_TYPE = YES_ERROR;
				GCC_WARN_UNDECLARED_SELECTOR = YES;
				GCC_WARN_UNINITIALIZED_AUTOS = YES_AGGRESSIVE;
				GCC_WARN_UNUSED_FUNCTION = YES;
				GCC_WARN_UNUSED_VARIABLE = YES;
				IPHONEOS_DEPLOYMENT_TARGET = 15.0;
				MTL_ENABLE_DEBUG_INFO = NO;
				MTL_FAST_MATH = YES;
				SDKROOT = iphoneos;
				SWIFT_COMPILATION_MODE = wholemodule;
				SWIFT_OPTIMIZATION_LEVEL = "-O";
				VALIDATE_PRODUCT = YES;
			};
			name = Release;
		};
		F7C7700C274E1CD8006E5BC4 /* Debug */ = {
			isa = XCBuildConfiguration;
			baseConfigurationReference = B71E0D0539C7B9936591B8FC /* Pods-HW2.9.debug.xcconfig */;
			buildSettings = {
				ASSETCATALOG_COMPILER_APPICON_NAME = AppIcon;
				ASSETCATALOG_COMPILER_GLOBAL_ACCENT_COLOR_NAME = AccentColor;
				CODE_SIGN_STYLE = Automatic;
				CURRENT_PROJECT_VERSION = 1;
				DEVELOPMENT_TEAM = MZ4MVXT5JD;
				GENERATE_INFOPLIST_FILE = YES;
				INFOPLIST_FILE = HW2.9/App/Info.plist;
				INFOPLIST_KEY_UIApplicationSupportsIndirectInputEvents = YES;
				INFOPLIST_KEY_UILaunchStoryboardName = LaunchScreen;
				INFOPLIST_KEY_UIMainStoryboardFile = Main;
				INFOPLIST_KEY_UISupportedInterfaceOrientations = UIInterfaceOrientationPortrait;
				INFOPLIST_KEY_UISupportedInterfaceOrientations_iPad = "UIInterfaceOrientationPortrait UIInterfaceOrientationPortraitUpsideDown UIInterfaceOrientationLandscapeLeft UIInterfaceOrientationLandscapeRight";
				INFOPLIST_KEY_UISupportedInterfaceOrientations_iPhone = "UIInterfaceOrientationPortrait UIInterfaceOrientationLandscapeLeft UIInterfaceOrientationLandscapeRight";
				LD_RUNPATH_SEARCH_PATHS = (
					"$(inherited)",
					"@executable_path/Frameworks",
				);
				MARKETING_VERSION = 1.0;
				PRODUCT_BUNDLE_IDENTIFIER = "SergeyChumakov.HW2-9";
				PRODUCT_NAME = "$(TARGET_NAME)";
				SWIFT_EMIT_LOC_STRINGS = YES;
				SWIFT_VERSION = 5.0;
				TARGETED_DEVICE_FAMILY = 1;
			};
			name = Debug;
		};
		F7C7700D274E1CD8006E5BC4 /* Release */ = {
			isa = XCBuildConfiguration;
			baseConfigurationReference = 471D9D075BF77A977AEDD655 /* Pods-HW2.9.release.xcconfig */;
			buildSettings = {
				ASSETCATALOG_COMPILER_APPICON_NAME = AppIcon;
				ASSETCATALOG_COMPILER_GLOBAL_ACCENT_COLOR_NAME = AccentColor;
				CODE_SIGN_STYLE = Automatic;
				CURRENT_PROJECT_VERSION = 1;
				DEVELOPMENT_TEAM = MZ4MVXT5JD;
				GENERATE_INFOPLIST_FILE = YES;
				INFOPLIST_FILE = HW2.9/App/Info.plist;
				INFOPLIST_KEY_UIApplicationSupportsIndirectInputEvents = YES;
				INFOPLIST_KEY_UILaunchStoryboardName = LaunchScreen;
				INFOPLIST_KEY_UIMainStoryboardFile = Main;
				INFOPLIST_KEY_UISupportedInterfaceOrientations = UIInterfaceOrientationPortrait;
				INFOPLIST_KEY_UISupportedInterfaceOrientations_iPad = "UIInterfaceOrientationPortrait UIInterfaceOrientationPortraitUpsideDown UIInterfaceOrientationLandscapeLeft UIInterfaceOrientationLandscapeRight";
				INFOPLIST_KEY_UISupportedInterfaceOrientations_iPhone = "UIInterfaceOrientationPortrait UIInterfaceOrientationLandscapeLeft UIInterfaceOrientationLandscapeRight";
				LD_RUNPATH_SEARCH_PATHS = (
					"$(inherited)",
					"@executable_path/Frameworks",
				);
				MARKETING_VERSION = 1.0;
				PRODUCT_BUNDLE_IDENTIFIER = "SergeyChumakov.HW2-9";
				PRODUCT_NAME = "$(TARGET_NAME)";
				SWIFT_EMIT_LOC_STRINGS = YES;
				SWIFT_VERSION = 5.0;
				TARGETED_DEVICE_FAMILY = 1;
			};
			name = Release;
		};
/* End XCBuildConfiguration section */

/* Begin XCConfigurationList section */
		F7C76FF2274E1CD5006E5BC4 /* Build configuration list for PBXProject "HW2.9" */ = {
			isa = XCConfigurationList;
			buildConfigurations = (
				F7C77009274E1CD8006E5BC4 /* Debug */,
				F7C7700A274E1CD8006E5BC4 /* Release */,
			);
			defaultConfigurationIsVisible = 0;
			defaultConfigurationName = Release;
		};
		F7C7700B274E1CD8006E5BC4 /* Build configuration list for PBXNativeTarget "HW2.9" */ = {
			isa = XCConfigurationList;
			buildConfigurations = (
				F7C7700C274E1CD8006E5BC4 /* Debug */,
				F7C7700D274E1CD8006E5BC4 /* Release */,
			);
			defaultConfigurationIsVisible = 0;
			defaultConfigurationName = Release;
		};
/* End XCConfigurationList section */
	};
	rootObject = F7C76FEF274E1CD5006E5BC4 /* Project object */;
}
